
Microsoft Visual Studio Solution File, Format Version 12.00
# Visual Studio Version 16
VisualStudioVersion = 16.0.29920.165
MinimumVisualStudioVersion = 10.0.40219.1
Project("{FAE04EC0-301F-11D3-BF4B-00C04F79EFBC}") = "Cinematix3000", "Cinematix3000\Cinematix3000.csproj", "{ED4F57E4-7A6D-47A3-A86A-37A7C2F2A521}"
EndProject
Global
	GlobalSection(SolutionConfigurationPlatforms) = preSolution
		Debug|Any CPU = Debug|Any CPU
		Release|Any CPU = Release|Any CPU
	EndGlobalSection
	GlobalSection(ProjectConfigurationPlatforms) = postSolution
		{ED4F57E4-7A6D-47A3-A86A-37A7C2F2A521}.Debug|Any CPU.ActiveCfg = Debug|Any CPU
		{ED4F57E4-7A6D-47A3-A86A-37A7C2F2A521}.Debug|Any CPU.Build.0 = Debug|Any CPU
		{ED4F57E4-7A6D-47A3-A86A-37A7C2F2A521}.Release|Any CPU.ActiveCfg = Release|Any CPU
		{ED4F57E4-7A6D-47A3-A86A-37A7C2F2A521}.Release|Any CPU.Build.0 = Release|Any CPU
	EndGlobalSection
	GlobalSection(SolutionProperties) = preSolution
		HideSolutionNode = FALSE
	EndGlobalSection
	GlobalSection(ExtensibilityGlobals) = postSolution
		SolutionGuid = {F9BD68F5-F0AB-41FF-A28B-BBB1DE309B2C}
	EndGlobalSection
EndGlobal
